{
  "name": "evidence-inbox-local",
  "version": "0.2.0",
  "lockfileVersion": 3,
  "requires": true,
  "packages": {
    "": {
      "name": "evidence-inbox-local",
      "version": "0.2.0",
      "license": "MIT",
      "bin": {
        "evidence-inbox": "src/cli.js"
      },
      "engines": {
        "node": ">=20"
      }
    }
  }
}
